version = 1
requires-python = ">=3.11"

[[package]]
name = "attrs"
version = "25.3.0"
source = { registry = "https://pypi.org/simple" }
sdist = { url = "https://files.pythonhosted.org/packages/5a/b0/1367933a8532ee6ff8d63537de4f1177af4bff9f3e829baf7331f595bb24/attrs-25.3.0.tar.gz", hash = "sha256:75d7cefc7fb576747b2c81b4442d4d4a1ce0900973527c011d1030fd3bf4af1b", size = 812032 }
wheels = [
    { url = "https://files.pythonhosted.org/packages/77/06/bb80f5f86020c4551da315d78b3ab75e8228f89f0162f2c3a819e407941a/attrs-25.3.0-py3-none-any.whl", hash = "sha256:427318ce031701fea540783410126f03899a97ffc6f61596ad581ac2e40e3bc3", size = 63815 },
]

[[package]]
name = "certifi"
version = "2025.1.31"
source = { registry = "https://pypi.org/simple" }
sdist = { url = "https://files.pythonhosted.org/packages/1c/ab/c9f1e32b7b1bf505bf26f0ef697775960db7932abeb7b516de930ba2705f/certifi-2025.1.31.tar.gz", hash = "sha256:3d5da6925056f6f18f119200434a4780a94263f10d1c21d032a6f6b2baa20651", size = 167577 }
wheels = [
    { url = "https://files.pythonhosted.org/packages/38/fc/bce832fd4fd99766c04d1ee0eead6b0ec6486fb100ae5e74c1d91292b982/certifi-2025.1.31-py3-none-any.whl", hash = "sha256:ca78db4565a652026a4db2bcdf68f2fb589ea80d0be70e03929ed730746b84fe", size = 166393 },
]

[[package]]
name = "click"
version = "8.1.8"
source = { registry = "https://pypi.org/simple" }
dependencies = [
    { name = "colorama", marker = "sys_platform == 'win32'" },
]
sdist = { url = "https://files.pythonhosted.org/packages/b9/2e/0090cbf739cee7d23781ad4b89a9894a41538e4fcf4c31dcdd705b78eb8b/click-8.1.8.tar.gz", hash = "sha256:ed53c9d8990d83c2a27deae68e4ee337473f6330c040a31d4225c9574d16096a", size = 226593 }
wheels = [
    { url = "https://files.pythonhosted.org/packages/7e/d4/7ebdbd03970677812aac39c869717059dbb71a4cfc033ca6e5221787892c/click-8.1.8-py3-none-any.whl", hash = "sha256:63c132bbbed01578a06712a2d1f497bb62d9c1c0d329b7903a866228027263b2", size = 98188 },
]

[[package]]
name = "click-plugins"
version = "1.1.1"
source = { registry = "https://pypi.org/simple" }
dependencies = [
    { name = "click" },
]
sdist = { url = "https://files.pythonhosted.org/packages/5f/1d/45434f64ed749540af821fd7e42b8e4d23ac04b1eda7c26613288d6cd8a8/click-plugins-1.1.1.tar.gz", hash = "sha256:46ab999744a9d831159c3411bb0c79346d94a444df9a3a3742e9ed63645f264b", size = 8164 }
wheels = [
    { url = "https://files.pythonhosted.org/packages/e9/da/824b92d9942f4e472702488857914bdd50f73021efea15b4cad9aca8ecef/click_plugins-1.1.1-py2.py3-none-any.whl", hash = "sha256:5d262006d3222f5057fd81e1623d4443e41dcda5dc815c06b442aa3c02889fc8", size = 7497 },
]

[[package]]
name = "cligj"
version = "0.7.2"
source = { registry = "https://pypi.org/simple" }
dependencies = [
    { name = "click" },
]
sdist = { url = "https://files.pythonhosted.org/packages/ea/0d/837dbd5d8430fd0f01ed72c4cfb2f548180f4c68c635df84ce87956cff32/cligj-0.7.2.tar.gz", hash = "sha256:a4bc13d623356b373c2c27c53dbd9c68cae5d526270bfa71f6c6fa69669c6b27", size = 9803 }
wheels = [
    { url = "https://files.pythonhosted.org/packages/73/86/43fa9f15c5b9fb6e82620428827cd3c284aa933431405d1bcf5231ae3d3e/cligj-0.7.2-py3-none-any.whl", hash = "sha256:c1ca117dbce1fe20a5809dc96f01e1c2840f6dcc939b3ddbb1111bf330ba82df", size = 7069 },
]

[[package]]
name = "colorama"
version = "0.4.6"
source = { registry = "https://pypi.org/simple" }
sdist = { url = "https://files.pythonhosted.org/packages/d8/53/6f443c9a4a8358a93a6792e2acffb9d9d5cb0a5cfd8802644b7b1c9a02e4/colorama-0.4.6.tar.gz", hash = "sha256:08695f5cb7ed6e0531a20572697297273c47b8cae5a63ffc6d6ed5c201be6e44", size = 27697 }
wheels = [
    { url = "https://files.pythonhosted.org/packages/d1/d6/3965ed04c63042e047cb6a3e6ed1a63a35087b6a609aa3a15ed8ac56c221/colorama-0.4.6-py2.py3-none-any.whl", hash = "sha256:4f1d9991f5acc0ca119f9d443620b77f9d6b33703e51011c16baf57afb285fc6", size = 25335 },
]

[[package]]
name = "convert-lambda"
version = "0.1.0"
source = { virtual = "." }
dependencies = [
    { name = "fiona" },
]

[package.metadata]
requires-dist = [{ name = "fiona", specifier = ">=1.10.1" }]

[[package]]
name = "fiona"
version = "1.10.1"
source = { registry = "https://pypi.org/simple" }
dependencies = [
    { name = "attrs" },
    { name = "certifi" },
    { name = "click" },
    { name = "click-plugins" },
    { name = "cligj" },
]
sdist = { url = "https://files.pythonhosted.org/packages/51/e0/71b63839cc609e1d62cea2fc9774aa605ece7ea78af823ff7a8f1c560e72/fiona-1.10.1.tar.gz", hash = "sha256:b00ae357669460c6491caba29c2022ff0acfcbde86a95361ea8ff5cd14a86b68", size = 444606 }
wheels = [
    { url = "https://files.pythonhosted.org/packages/2d/b9/7a8356cfaff8ef162bad44283554d3171e13032635b4f8e10e694a9596ee/fiona-1.10.1-cp311-cp311-macosx_10_15_x86_64.whl", hash = "sha256:98fe556058b370da07a84f6537c286f87eb4af2343d155fbd3fba5d38ac17ed7", size = 16144293 },
    { url = "https://files.pythonhosted.org/packages/65/0c/e8070b15c8303f60bd4444a120842597ccd6ed550548948e2e36cffbaa93/fiona-1.10.1-cp311-cp311-macosx_11_0_arm64.whl", hash = "sha256:be29044d4aeebae92944b738160dc5f9afc4cdf04f551d59e803c5b910e17520", size = 14752213 },
    { url = "https://files.pythonhosted.org/packages/7b/2e/3f80ba2fda9b8686681f0a1b18c8e95ad152ada1d6fb1d3f25281d9229fd/fiona-1.10.1-cp311-cp311-manylinux_2_17_x86_64.manylinux2014_x86_64.whl", hash = "sha256:94bd3d448f09f85439e4b77c38b9de1aebe3eef24acc72bd631f75171cdfde51", size = 17272183 },
    { url = "https://files.pythonhosted.org/packages/95/32/c1d53b4d77926414ffdf5bd38344e900e378ae9ccb2a65754cdb6d5344c2/fiona-1.10.1-cp311-cp311-win_amd64.whl", hash = "sha256:30594c0cd8682c43fd01e7cdbe000f94540f8fa3b7cb5901e805c88c4ff2058b", size = 24489398 },
    { url = "https://files.pythonhosted.org/packages/73/ab/036c418d531afb74abe4ca9a8be487b863901fe7b42ddba1ba2fb0681d77/fiona-1.10.1-cp312-cp312-macosx_10_15_x86_64.whl", hash = "sha256:7338b8c68beb7934bde4ec9f49eb5044e5e484b92d940bc3ec27defdb2b06c67", size = 16114589 },
    { url = "https://files.pythonhosted.org/packages/ba/45/693c1cca53023aaf6e3adc11422080f5fa427484e7b85e48f19c40d6357f/fiona-1.10.1-cp312-cp312-macosx_11_0_arm64.whl", hash = "sha256:8c77fcfd3cdb0d3c97237965f8c60d1696a64923deeeb2d0b9810286cbe25911", size = 14754603 },
    { url = "https://files.pythonhosted.org/packages/dc/78/be204fb409b59876ef4658710a022794f16f779a3e9e7df654acc38b2104/fiona-1.10.1-cp312-cp312-manylinux_2_17_x86_64.manylinux2014_x86_64.whl", hash = "sha256:537872cbc9bda7fcdf73851c91bc5338fca2b502c4c17049ccecaa13cde1f18f", size = 17223639 },
    { url = "https://files.pythonhosted.org/packages/7e/0d/914fd3c4c32043c2c512fa5021e83b2348e1b7a79365d75a0a37cb545362/fiona-1.10.1-cp312-cp312-win_amd64.whl", hash = "sha256:41cde2c52c614457e9094ea44b0d30483540789e62fe0fa758c2a2963e980817", size = 24464921 },
    { url = "https://files.pythonhosted.org/packages/c5/e0/665ce969cab6339c19527318534236e5e4184ee03b38cd474497ebd22f4d/fiona-1.10.1-cp313-cp313-macosx_10_15_x86_64.whl", hash = "sha256:a00b05935c9900678b2ca660026b39efc4e4b916983915d595964eb381763ae7", size = 16106571 },
    { url = "https://files.pythonhosted.org/packages/23/c8/150094fbc4220d22217f480cc67b6ee4c2f4324b4b58cd25527cd5905937/fiona-1.10.1-cp313-cp313-macosx_11_0_arm64.whl", hash = "sha256:f78b781d5bcbbeeddf1d52712f33458775dbb9fd1b2a39882c83618348dd730f", size = 14738178 },
    { url = "https://files.pythonhosted.org/packages/20/83/63da54032c0c03d4921b854111e33d3a1dadec5d2b7e741fba6c8c6486a6/fiona-1.10.1-cp313-cp313-manylinux_2_17_x86_64.manylinux2014_x86_64.whl", hash = "sha256:29ceeb38e3cd30d91d68858d0817a1bb0c4f96340d334db4b16a99edb0902d35", size = 17221414 },
    { url = "https://files.pythonhosted.org/packages/60/14/5ef47002ef19bd5cfbc7a74b21c30ef83f22beb80609314ce0328989ceda/fiona-1.10.1-cp313-cp313-win_amd64.whl", hash = "sha256:15751c90e29cee1e01fcfedf42ab85987e32f0b593cf98d88ed52199ef5ca623", size = 24461486 },
]
